// !$*UTF8*$!
{
	archiveVersion = 1;
	classes = {
	};
	objectVersion = 46;
	objects = {

/* Begin PBXBuildFile section */
		06FAE29C1F47E740005EE5E8 /* AppDelegate.swift in Sources */ = {isa = PBXBuildFile; fileRef = 06FAE29B1F47E740005EE5E8 /* AppDelegate.swift */; };
		06FAE29E1F47E740005EE5E8 /* ViewController.swift in Sources */ = {isa = PBXBuildFile; fileRef = 06FAE29D1F47E740005EE5E8 /* ViewController.swift */; };
		06FAE2A11F47E740005EE5E8 /* Main.storyboard in Resources */ = {isa = PBXBuildFile; fileRef = 06FAE29F1F47E740005EE5E8 /* Main.storyboard */; };
		06FAE2A31F47E740005EE5E8 /* Assets.xcassets in Resources */ = {isa = PBXBuildFile; fileRef = 06FAE2A21F47E740005EE5E8 /* Assets.xcassets */; };
		06FAE2A61F47E740005EE5E8 /* LaunchScreen.storyboard in Resources */ = {isa = PBXBuildFile; fileRef = 06FAE2A41F47E740005EE5E8 /* LaunchScreen.storyboard */; };
		06FAE2B11F47E741005EE5E8 /* TicTacToeTests.swift in Sources */ = {isa = PBXBuildFile; fileRef = 06FAE2B01F47E741005EE5E8 /* TicTacToeTests.swift */; };
/* End PBXBuildFile section */

/* Begin PBXContainerItemProxy section */
		06FAE2AD1F47E741005EE5E8 /* PBXContainerItemProxy */ = {
			isa = PBXContainerItemProxy;
			containerPortal = 06FAE2901F47E740005EE5E8 /* Project object */;
			proxyType = 1;
			remoteGlobalIDString = 06FAE2971F47E740005EE5E8;
			remoteInfo = TicTacToe;
		};
/* End PBXContainerItemProxy section */

/* Begin PBXFileReference section */
		06FAE2981F47E740005EE5E8 /* TicTacToe.app */ = {isa = PBXFileReference; explicitFileType = wrapper.application; includeInIndex = 0; path = TicTacToe.app; sourceTree = BUILT_PRODUCTS_DIR; };
		06FAE29B1F47E740005EE5E8 /* AppDelegate.swift */ = {isa = PBXFileReference; lastKnownFileType = sourcecode.swift; path = AppDelegate.swift; sourceTree = "<group>"; };
		06FAE29D1F47E740005EE5E8 /* ViewController.swift */ = {isa = PBXFileReference; lastKnownFileType = sourcecode.swift; path = ViewController.swift; sourceTree = "<group>"; };
		06FAE2A01F47E740005EE5E8 /* Base */ = {isa = PBXFileReference; lastKnownFileType = file.storyboard; name = Base; path = Base.lproj/Main.storyboard; sourceTree = "<group>"; };
		06FAE2A21F47E740005EE5E8 /* Assets.xcassets */ = {isa = PBXFileReference; lastKnownFileType = folder.assetcatalog; path = Assets.xcassets; sourceTree = "<group>"; };
		06FAE2A51F47E740005EE5E8 /* Base */ = {isa = PBXFileReference; lastKnownFileType = file.storyboard; name = Base; path = Base.lproj/LaunchScreen.storyboard; sourceTree = "<group>"; };
		06FAE2A71F47E740005EE5E8 /* Info.plist */ = {isa = PBXFileReference; lastKnownFileType = text.plist.xml; path = Info.plist; sourceTree = "<group>"; };
		06FAE2AC1F47E741005EE5E8 /* TicTacToeTests.xctest */ = {isa = PBXFileReference; explicitFileType = wrapper.cfbundle; includeInIndex = 0; path = TicTacToeTests.xctest; sourceTree = BUILT_PRODUCTS_DIR; };
		06FAE2B01F47E741005EE5E8 /* TicTacToeTests.swift */ = {isa = PBXFileReference; lastKnownFileType = sourcecode.swift; path = TicTacToeTests.swift; sourceTree = "<group>"; };
		06FAE2B21F47E741005EE5E8 /* Info.plist */ = {isa = PBXFileReference; lastKnownFileType = text.plist.xml; path = Info.plist; sourceTree = "<group>"; };
/* End PBXFileReference section */

/* Begin PBXFrameworksBuildPhase section */
		06FAE2951F47E740005EE5E8 /* Frameworks */ = {
			isa = PBXFrameworksBuildPhase;
			buildActionMask = 2147483647;
			files = (
			);
			runOnlyForDeploymentPostprocessing = 0;
		};
		06FAE2A91F47E741005EE5E8 /* Frameworks */ = {
			isa = PBXFrameworksBuildPhase;
			buildActionMask = 2147483647;
			files = (
			);
			runOnlyForDeploymentPostprocessing = 0;
		};
/* End PBXFrameworksBuildPhase section */

/* Begin PBXGroup section */
		06FAE28F1F47E740005EE5E8 = {
			isa = PBXGroup;
			children = (
				06FAE29A1F47E740005EE5E8 /* TicTacToe */,
				06FAE2AF1F47E741005EE5E8 /* TicTacToeTests */,
				06FAE2991F47E740005EE5E8 /* Products */,
			);
			sourceTree = "<group>";
		};
		06FAE2991F47E740005EE5E8 /* Products */ = {
			isa = PBXGroup;
			children = (
				06FAE2981F47E740005EE5E8 /* TicTacToe.app */,
				06FAE2AC1F47E741005EE5E8 /* TicTacToeTests.xctest */,
			);
			name = Products;
			sourceTree = "<group>";
		};
		06FAE29A1F47E740005EE5E8 /* TicTacToe */ = {
			isa = PBXGroup;
			children = (
				06FAE29B1F47E740005EE5E8 /* AppDelegate.swift */,
				06FAE29D1F47E740005EE5E8 /* ViewController.swift */,
				06FAE29F1F47E740005EE5E8 /* Main.storyboard */,
				06FAE2A21F47E740005EE5E8 /* Assets.xcassets */,
				06FAE2A41F47E740005EE5E8 /* LaunchScreen.storyboard */,
				06FAE2A71F47E740005EE5E8 /* Info.plist */,
			);
			path = TicTacToe;
			sourceTree = "<group>";
		};
		06FAE2AF1F47E741005EE5E8 /* TicTacToeTests */ = {
			isa = PBXGroup;
			children = (
				06FAE2B01F47E741005EE5E8 /* TicTacToeTests.swift */,
				06FAE2B21F47E741005EE5E8 /* Info.plist */,
			);
			path = TicTacToeTests;
			sourceTree = "<group>";
		};
/* End PBXGroup section */

/* Begin PBXNativeTarget section */
		06FAE2971F47E740005EE5E8 /* TicTacToe */ = {
			isa = PBXNativeTarget;
			buildConfigurationList = 06FAE2B51F47E741005EE5E8 /* Build configuration list for PBXNativeTarget "TicTacToe" */;
			buildPhases = (
				06FAE2941F47E740005EE5E8 /* Sources */,
				06FAE2951F47E740005EE5E8 /* Frameworks */,
				06FAE2961F47E740005EE5E8 /* Resources */,
			);
			buildRules = (
			);
			dependencies = (
			);
			name = TicTacToe;
			productName = TicTacToe;
			productReference = 06FAE2981F47E740005EE5E8 /* TicTacToe.app */;
			productType = "com.apple.product-type.application";
		};
		06FAE2AB1F47E741005EE5E8 /* TicTacToeTests */ = {
			isa = PBXNativeTarget;
			buildConfigurationList = 06FAE2B81F47E741005EE5E8 /* Build configuration list for PBXNativeTarget "TicTacToeTests" */;
			buildPhases = (
				06FAE2A81F47E741005EE5E8 /* Sources */,
				06FAE2A91F47E741005EE5E8 /* Frameworks */,
				06FAE2AA1F47E741005EE5E8 /* Resources */,
			);
			buildRules = (
			);
			dependencies = (
				06FAE2AE1F47E741005EE5E8 /* PBXTargetDependency */,
			);
			name = TicTacToeTests;
			productName = TicTacToeTests;
			productReference = 06FAE2AC1F47E741005EE5E8 /* TicTacToeTests.xctest */;
			productType = "com.apple.product-type.bundle.unit-test";
		};
/* End PBXNativeTarget section */

/* Begin PBXProject section */
		06FAE2901F47E740005EE5E8 /* Project object */ = {
			isa = PBXProject;
			attributes = {
				LastSwiftUpdateCheck = 0830;
				LastUpgradeCheck = 0830;
				ORGANIZATIONNAME = TL;
				TargetAttributes = {
					06FAE2971F47E740005EE5E8 = {
						CreatedOnToolsVersion = 8.3.2;
						DevelopmentTeam = SM8662EE7C;
						ProvisioningStyle = Automatic;
					};
					06FAE2AB1F47E741005EE5E8 = {
						CreatedOnToolsVersion = 8.3.2;
						DevelopmentTeam = SM8662EE7C;
						ProvisioningStyle = Automatic;
						TestTargetID = 06FAE2971F47E740005EE5E8;
					};
				};
			};
			buildConfigurationList = 06FAE2931F47E740005EE5E8 /* Build configuration list for PBXProject "TicTacToe" */;
			compatibilityVersion = "Xcode 3.2";
			developmentRegion = English;
			hasScannedForEncodings = 0;
			knownRegions = (
				en,
				Base,
			);
			mainGroup = 06FAE28F1F47E740005EE5E8;
			productRefGroup = 06FAE2991F47E740005EE5E8 /* Products */;
			projectDirPath = "";
			projectRoot = "";
			targets = (
				06FAE2971F47E740005EE5E8 /* TicTacToe */,
				06FAE2AB1F47E741005EE5E8 /* TicTacToeTests */,
			);
		};
/* End PBXProject section */

/* Begin PBXResourcesBuildPhase section */
		06FAE2961F47E740005EE5E8 /* Resources */ = {
			isa = PBXResourcesBuildPhase;
			buildActionMask = 2147483647;
			files = (
				06FAE2A61F47E740005EE5E8 /* LaunchScreen.storyboard in Resources */,
				06FAE2A31F47E740005EE5E8 /* Assets.xcassets in Resources */,
				06FAE2A11F47E740005EE5E8 /* Main.storyboard in Resources */,
			);
			runOnlyForDeploymentPostprocessing = 0;
		};
		06FAE2AA1F47E741005EE5E8 /* Resources */ = {
			isa = PBXResourcesBuildPhase;
			buildActionMask = 2147483647;
			files = (
			);
			runOnlyForDeploymentPostprocessing = 0;
		};
/* End PBXResourcesBuildPhase section */

/* Begin PBXSourcesBuildPhase section */
		06FAE2941F47E740005EE5E8 /* Sources */ = {
			isa = PBXSourcesBuildPhase;
			buildActionMask = 2147483647;
			files = (
				06FAE29E1F47E740005EE5E8 /* ViewController.swift in Sources */,
				06FAE29C1F47E740005EE5E8 /* AppDelegate.swift in Sources */,
			);
			runOnlyForDeploymentPostprocessing = 0;
		};
		06FAE2A81F47E741005EE5E8 /* Sources */ = {
			isa = PBXSourcesBuildPhase;
			buildActionMask = 2147483647;
			files = (
				06FAE2B11F47E741005EE5E8 /* TicTacToeTests.swift in Sources */,
			);
			runOnlyForDeploymentPostprocessing = 0;
		};
/* End PBXSourcesBuildPhase section */

/* Begin PBXTargetDependency section */
		06FAE2AE1F47E741005EE5E8 /* PBXTargetDependency */ = {
			isa = PBXTargetDependency;
			target = 06FAE2971F47E740005EE5E8 /* TicTacToe */;
			targetProxy = 06FAE2AD1F47E741005EE5E8 /* PBXContainerItemProxy */;
		};
/* End PBXTargetDependency section */

/* Begin PBXVariantGroup section */
		06FAE29F1F47E740005EE5E8 /* Main.storyboard */ = {
			isa = PBXVariantGroup;
			children = (
				06FAE2A01F47E740005EE5E8 /* Base */,
			);
			name = Main.storyboard;
			sourceTree = "<group>";
		};
		06FAE2A41F47E740005EE5E8 /* LaunchScreen.storyboard */ = {
			isa = PBXVariantGroup;
			children = (
				06FAE2A51F47E740005EE5E8 /* Base */,
			);
			name = LaunchScreen.storyboard;
			sourceTree = "<group>";
		};
/* End PBXVariantGroup section */

/* Begin XCBuildConfiguration section */
		06FAE2B31F47E741005EE5E8 /* Debug */ = {
			isa = XCBuildConfiguration;
			buildSettings = {
				ALWAYS_SEARCH_USER_PATHS = NO;
				CLANG_ANALYZER_NONNULL = YES;
				CLANG_ANALYZER_NUMBER_OBJECT_CONVERSION = YES_AGGRESSIVE;
				CLANG_CXX_LANGUAGE_STANDARD = "gnu++0x";
				CLANG_CXX_LIBRARY = "libc++";
				CLANG_ENABLE_MODULES = YES;
				CLANG_ENABLE_OBJC_ARC = YES;
				CLANG_WARN_BOOL_CONVERSION = YES;
				CLANG_WARN_CONSTANT_CONVERSION = YES;
				CLANG_WARN_DIRECT_OBJC_ISA_USAGE = YES_ERROR;
				CLANG_WARN_DOCUMENTATION_COMMENTS = YES;
				CLANG_WARN_EMPTY_BODY = YES;
				CLANG_WARN_ENUM_CONVERSION = YES;
				CLANG_WARN_INFINITE_RECURSION = YES;
				CLANG_WARN_INT_CONVERSION = YES;
				CLANG_WARN_OBJC_ROOT_CLASS = YES_ERROR;
				CLANG_WARN_SUSPICIOUS_MOVE = YES;
				CLANG_WARN_UNREACHABLE_CODE = YES;
				CLANG_WARN__DUPLICATE_METHOD_MATCH = YES;
				"CODE_SIGN_IDENTITY[sdk=iphoneos*]" = "iPhone Developer";
				COPY_PHASE_STRIP = NO;
				DEBUG_INFORMATION_FORMAT = dwarf;
				ENABLE_STRICT_OBJC_MSGSEND = YES;
				ENABLE_TESTABILITY = YES;
				GCC_C_LANGUAGE_STANDARD = gnu99;
				GCC_DYNAMIC_NO_PIC = NO;
				GCC_NO_COMMON_BLOCKS = YES;
				GCC_OPTIMIZATION_LEVEL = 0;
				GCC_PREPROCESSOR_DEFINITIONS = (
					"DEBUG=1",
					"$(inherited)",
				);
				GCC_WARN_64_TO_32_BIT_CONVERSION = YES;
				GCC_WARN_ABOUT_RETURN_TYPE = YES_ERROR;
				GCC_WARN_UNDECLARED_SELECTOR = YES;
				GCC_WARN_UNINITIALIZED_AUTOS = YES_AGGRESSIVE;
				GCC_WARN_UNUSED_FUNCTION = YES;
				GCC_WARN_UNUSED_VARIABLE = YES;
				IPHONEOS_DEPLOYMENT_TARGET = 10.3;
				MTL_ENABLE_DEBUG_INFO = YES;
				ONLY_ACTIVE_ARCH = YES;
				SDKROOT = iphoneos;
				SWIFT_ACTIVE_COMPILATION_CONDITIONS = DEBUG;
				SWIFT_OPTIMIZATION_LEVEL = "-Onone";
			};
			name = Debug;
		};
		06FAE2B41F47E741005EE5E8 /* Release */ = {
			isa = XCBuildConfiguration;
			buildSettings = {
				ALWAYS_SEARCH_USER_PATHS = NO;
				CLANG_ANALYZER_NONNULL = YES;
				CLANG_ANALYZER_NUMBER_OBJECT_CONVERSION = YES_AGGRESSIVE;
				CLANG_CXX_LANGUAGE_STANDARD = "gnu++0x";
				CLANG_CXX_LIBRARY = "libc++";
				CLANG_ENABLE_MODULES = YES;
				CLANG_ENABLE_OBJC_ARC = YES;
				CLANG_WARN_BOOL_CONVERSION = YES;
				CLANG_WARN_CONSTANT_CONVERSION = YES;
				CLANG_WARN_DIRECT_OBJC_ISA_USAGE = YES_ERROR;
				CLANG_WARN_DOCUMENTATION_COMMENTS = YES;
				CLANG_WARN_EMPTY_BODY = YES;
				CLANG_WARN_ENUM_CONVERSION = YES;
				CLANG_WARN_INFINITE_RECURSION = YES;
				CLANG_WARN_INT_CONVERSION = YES;
				CLANG_WARN_OBJC_ROOT_CLASS = YES_ERROR;
				CLANG_WARN_SUSPICIOUS_MOVE = YES;
				CLANG_WARN_UNREACHABLE_CODE = YES;
				CLANG_WARN__DUPLICATE_METHOD_MATCH = YES;
				"CODE_SIGN_IDENTITY[sdk=iphoneos*]" = "iPhone Developer";
				COPY_PHASE_STRIP = NO;
				DEBUG_INFORMATION_FORMAT = "dwarf-with-dsym";
				ENABLE_NS_ASSERTIONS = NO;
				ENABLE_STRICT_OBJC_MSGSEND = YES;
				GCC_C_LANGUAGE_STANDARD = gnu99;
				GCC_NO_COMMON_BLOCKS = YES;
				GCC_WARN_64_TO_32_BIT_CONVERSION = YES;
				GCC_WARN_ABOUT_RETURN_TYPE = YES_ERROR;
				GCC_WARN_UNDECLARED_SELECTOR = YES;
				GCC_WARN_UNINITIALIZED_AUTOS = YES_AGGRESSIVE;
				GCC_WARN_UNUSED_FUNCTION = YES;
				GCC_WARN_UNUSED_VARIABLE = YES;
				IPHONEOS_DEPLOYMENT_TARGET = 10.3;
				MTL_ENABLE_DEBUG_INFO = NO;
				SDKROOT = iphoneos;
				SWIFT_OPTIMIZATION_LEVEL = "-Owholemodule";
				VALIDATE_PRODUCT = YES;
			};
			name = Release;
		};
		06FAE2B61F47E741005EE5E8 /* Debug */ = {
			isa = XCBuildConfiguration;
			buildSettings = {
				ASSETCATALOG_COMPILER_APPICON_NAME = AppIcon;
				DEVELOPMENT_TEAM = SM8662EE7C;
				INFOPLIST_FILE = TicTacToe/Info.plist;
				LD_RUNPATH_SEARCH_PATHS = "$(inherited) @executable_path/Frameworks";
				PRODUCT_BUNDLE_IDENTIFIER = com.tl.TicTacToe;
				PRODUCT_NAME = "$(TARGET_NAME)";
				SWIFT_VERSION = 3.0;
			};
			name = Debug;
		};
		06FAE2B71F47E741005EE5E8 /* Release */ = {
			isa = XCBuildConfiguration;
			buildSettings = {
				ASSETCATALOG_COMPILER_APPICON_NAME = AppIcon;
				DEVELOPMENT_TEAM = SM8662EE7C;
				INFOPLIST_FILE = TicTacToe/Info.plist;
				LD_RUNPATH_SEARCH_PATHS = "$(inherited) @executable_path/Frameworks";
				PRODUCT_BUNDLE_IDENTIFIER = com.tl.TicTacToe;
				PRODUCT_NAME = "$(TARGET_NAME)";
				SWIFT_VERSION = 3.0;
			};
			name = Release;
		};
		06FAE2B91F47E741005EE5E8 /* Debug */ = {
			isa = XCBuildConfiguration;
			buildSettings = {
				ALWAYS_EMBED_SWIFT_STANDARD_LIBRARIES = YES;
				BUNDLE_LOADER = "$(TEST_HOST)";
				DEVELOPMENT_TEAM = SM8662EE7C;
				INFOPLIST_FILE = TicTacToeTests/Info.plist;
				LD_RUNPATH_SEARCH_PATHS = "$(inherited) @executable_path/Frameworks @loader_path/Frameworks";
				PRODUCT_BUNDLE_IDENTIFIER = com.tl.TicTacToeTests;
				PRODUCT_NAME = "$(TARGET_NAME)";
				SWIFT_VERSION = 3.0;
				TEST_HOST = "$(BUILT_PRODUCTS_DIR)/TicTacToe.app/TicTacToe";
			};
			name = Debug;
		};
		06FAE2BA1F47E741005EE5E8 /* Release */ = {
			isa = XCBuildConfiguration;
			buildSettings = {
				ALWAYS_EMBED_SWIFT_STANDARD_LIBRARIES = YES;
				BUNDLE_LOADER = "$(TEST_HOST)";
				DEVELOPMENT_TEAM = SM8662EE7C;
				INFOPLIST_FILE = TicTacToeTests/Info.plist;
				LD_RUNPATH_SEARCH_PATHS = "$(inherited) @executable_path/Frameworks @loader_path/Frameworks";
				PRODUCT_BUNDLE_IDENTIFIER = com.tl.TicTacToeTests;
				PRODUCT_NAME = "$(TARGET_NAME)";
				SWIFT_VERSION = 3.0;
				TEST_HOST = "$(BUILT_PRODUCTS_DIR)/TicTacToe.app/TicTacToe";
			};
			name = Release;
		};
/* End XCBuildConfiguration section */

/* Begin XCConfigurationList section */
		06FAE2931F47E740005EE5E8 /* Build configuration list for PBXProject "TicTacToe" */ = {
			isa = XCConfigurationList;
			buildConfigurations = (
				06FAE2B31F47E741005EE5E8 /* Debug */,
				06FAE2B41F47E741005EE5E8 /* Release */,
			);
			defaultConfigurationIsVisible = 0;
			defaultConfigurationName = Release;
		};
		06FAE2B51F47E741005EE5E8 /* Build configuration list for PBXNativeTarget "TicTacToe" */ = {
			isa = XCConfigurationList;
			buildConfigurations = (
				06FAE2B61F47E741005EE5E8 /* Debug */,
				06FAE2B71F47E741005EE5E8 /* Release */,
			);
			defaultConfigurationIsVisible = 0;
		};
		06FAE2B81F47E741005EE5E8 /* Build configuration list for PBXNativeTarget "TicTacToeTests" */ = {
			isa = XCConfigurationList;
			buildConfigurations = (
				06FAE2B91F47E741005EE5E8 /* Debug */,
				06FAE2BA1F47E741005EE5E8 /* Release */,
			);
			defaultConfigurationIsVisible = 0;
		};
/* End XCConfigurationList section */
	};
	rootObject = 06FAE2901F47E740005EE5E8 /* Project object */;
}
